{
  "name": "private-scope",
  "version": "1.0.0",
  "lockfileVersion": 1,
  "requires": true,
  "dependencies": {
    "@flowbyte/priv-package": {
      "version": "1.0.3",
      "resolved": "https://registry.npmjs.org/@flowbyte/priv-package/-/priv-package-1.0.3.tgz",
      "integrity": "sha512-TN9cGlnj/uwywyWQnkoZIyQvIwpust6ELoqZHl8++YIj/pqf3YRvPHnd1FoQ8F+VnRb/zW/L1wmbhRY2X2SgHw=="
    },
    "@flowbyte/priv-package-two": {
      "version": "2.0.0",
      "resolved": "https://registry.npmjs.org/@flowbyte/priv-package-two/-/priv-package-two-2.0.0.tgz",
      "integrity": "sha512-CN8UhuLiJXWh9GKlPltpmtrOKRRf4f0svoQlpXKwt3t055wZ6S11qlLmx8v7ORoTjrkzeFlnno23+qBH/C4g3g=="
    },
    "jquery": {
      "version": "2.2.4",
      "resolved": "https://registry.npmjs.org/jquery/-/jquery-2.2.4.tgz",
      "integrity": "sha1-LInWiJterFIqfuoywUUhVZxsvwI="
    }
  }
}
