{
  "name": "private-scope",
  "version": "1.0.0",
  "lockfileVersion": 1,
  "requires": true,
  "dependencies": {
    "@flowbyte/priv-package": {
      "version": "1.0.0",
      "resolved": "https://registry.npmjs.org/@flowbyte/priv-package/-/priv-package-1.0.0.tgz",
      "integrity": "sha512-EFHGDq3M04vWLhz9C34OCIrSvKUsEJZBlHZb8adRfzhkPYz/ADpIvw8o/ZL2HUVQ6dnMdF3+VazBd+StDBpj9g=="
    },
    "@flowbyte/priv-package-two": {
      "version": "2.0.0",
      "resolved": "https://registry.npmjs.org/@flowbyte/priv-package-two/-/priv-package-two-2.0.0.tgz",
      "integrity": "sha512-CN8UhuLiJXWh9GKlPltpmtrOKRRf4f0svoQlpXKwt3t055wZ6S11qlLmx8v7ORoTjrkzeFlnno23+qBH/C4g3g=="
    },
    "jquery": {
      "version": "3.5.1",
      "resolved": "https://registry.npmjs.org/jquery/-/jquery-3.5.1.tgz",
      "integrity": "sha512-XwIBPqcMn57FxfT+Go5pzySnm4KWkT1Tv7gjrpT1srtf8Weynl6R273VJ5GjkRb51IzMp5nbaPjJXMWeju2MKg=="
    }
  }
}
