{
  "name": "private-scope",
  "version": "1.0.0",
  "lockfileVersion": 1,
  "requires": true,
  "dependencies": {
    "@flowbyte/priv-package": {
      "version": "1.0.1",
      "resolved": "https://registry.npmjs.org/@flowbyte/priv-package/-/priv-package-1.0.1.tgz",
      "integrity": "sha512-GO83dldeGgrTsQFS0HgQmko3V623tOEKr6cm6LkG9sZLVlSAC8fs2OIusF8NWrixw1vcPyuVA8d7S6vMnygDiw=="
    },
    "jquery": {
      "version": "2.2.4",
      "resolved": "https://registry.npmjs.org/jquery/-/jquery-2.2.4.tgz",
      "integrity": "sha1-LInWiJterFIqfuoywUUhVZxsvwI="
    }
  }
}
